
Microsoft Visual Studio Solution File, Format Version 12.00
# Visual Studio Version 16
VisualStudioVersion = 16.0.30309.148
MinimumVisualStudioVersion = 10.0.40219.1
Project("{FAE04EC0-301F-11D3-BF4B-00C04F79EFBC}") = "ColorLoop.UWP", "ColorLoop\ColorLoop.UWP\ColorLoop.UWP.csproj", "{7EFC053F-7590-4D9B-B833-ECF3C549AC8E}"
EndProject
Project("{FAE04EC0-301F-11D3-BF4B-00C04F79EFBC}") = "ColorLoop.Android", "ColorLoop\ColorLoop.Android\ColorLoop.Android.csproj", "{46F54799-0328-46B7-8D59-35D5DFA52D42}"
EndProject
Project("{FAE04EC0-301F-11D3-BF4B-00C04F79EFBC}") = "ColorLoop.iOS", "ColorLoop\ColorLoop.iOS\ColorLoop.iOS.csproj", "{1E6313B0-6360-47A9-B412-08A0B8D82AE6}"
EndProject
Project("{9A19103F-16F7-4668-BE54-9A1E7A4F7556}") = "ColorLoop", "ColorLoop\ColorLoop\ColorLoop.csproj", "{6A8B9E24-BF56-4E43-A5E6-89D7FD2DF0BB}"
EndProject
Project("{D954291E-2A0B-460D-934E-DC6B0785DB48}") = "BlackCat", "ColorLoop\BlackCat\BlackCat.shproj", "{1CA3D874-00C9-4015-96E2-662529E8DEE5}"
EndProject
Global
	GlobalSection(SharedMSBuildProjectFiles) = preSolution
		ColorLoop\BlackCat\BlackCat.projitems*{1ca3d874-00c9-4015-96e2-662529e8dee5}*SharedItemsImports = 13
		ColorLoop\BlackCat\BlackCat.projitems*{6a8b9e24-bf56-4e43-a5e6-89d7fd2df0bb}*SharedItemsImports = 5
	EndGlobalSection
	GlobalSection(SolutionConfigurationPlatforms) = preSolution
		Debug|Any CPU = Debug|Any CPU
		Debug|ARM = Debug|ARM
		Debug|iPhone = Debug|iPhone
		Debug|iPhoneSimulator = Debug|iPhoneSimulator
		Debug|x64 = Debug|x64
		Debug|x86 = Debug|x86
		Release|Any CPU = Release|Any CPU
		Release|ARM = Release|ARM
		Release|iPhone = Release|iPhone
		Release|iPhoneSimulator = Release|iPhoneSimulator
		Release|x64 = Release|x64
		Release|x86 = Release|x86
	EndGlobalSection
	GlobalSection(ProjectConfigurationPlatforms) = postSolution
		{7EFC053F-7590-4D9B-B833-ECF3C549AC8E}.Debug|Any CPU.ActiveCfg = Debug|x86
		{7EFC053F-7590-4D9B-B833-ECF3C549AC8E}.Debug|Any CPU.Build.0 = Debug|x86
		{7EFC053F-7590-4D9B-B833-ECF3C549AC8E}.Debug|Any CPU.Deploy.0 = Debug|x86
		{7EFC053F-7590-4D9B-B833-ECF3C549AC8E}.Debug|ARM.ActiveCfg = Debug|ARM
		{7EFC053F-7590-4D9B-B833-ECF3C549AC8E}.Debug|ARM.Build.0 = Debug|ARM
		{7EFC053F-7590-4D9B-B833-ECF3C549AC8E}.Debug|ARM.Deploy.0 = Debug|ARM
		{7EFC053F-7590-4D9B-B833-ECF3C549AC8E}.Debug|iPhone.ActiveCfg = Debug|x86
		{7EFC053F-7590-4D9B-B833-ECF3C549AC8E}.Debug|iPhone.Build.0 = Debug|x86
		{7EFC053F-7590-4D9B-B833-ECF3C549AC8E}.Debug|iPhone.Deploy.0 = Debug|x86
		{7EFC053F-7590-4D9B-B833-ECF3C549AC8E}.Debug|iPhoneSimulator.ActiveCfg = Debug|x86
		{7EFC053F-7590-4D9B-B833-ECF3C549AC8E}.Debug|iPhoneSimulator.Build.0 = Debug|x86
		{7EFC053F-7590-4D9B-B833-ECF3C549AC8E}.Debug|iPhoneSimulator.Deploy.0 = Debug|x86
		{7EFC053F-7590-4D9B-B833-ECF3C549AC8E}.Debug|x64.ActiveCfg = Debug|x64
		{7EFC053F-7590-4D9B-B833-ECF3C549AC8E}.Debug|x64.Build.0 = Debug|x64
		{7EFC053F-7590-4D9B-B833-ECF3C549AC8E}.Debug|x64.Deploy.0 = Debug|x64
		{7EFC053F-7590-4D9B-B833-ECF3C549AC8E}.Debug|x86.ActiveCfg = Debug|x86
		{7EFC053F-7590-4D9B-B833-ECF3C549AC8E}.Debug|x86.Build.0 = Debug|x86
		{7EFC053F-7590-4D9B-B833-ECF3C549AC8E}.Debug|x86.Deploy.0 = Debug|x86
		{7EFC053F-7590-4D9B-B833-ECF3C549AC8E}.Release|Any CPU.ActiveCfg = Release|x86
		{7EFC053F-7590-4D9B-B833-ECF3C549AC8E}.Release|Any CPU.Build.0 = Release|x86
		{7EFC053F-7590-4D9B-B833-ECF3C549AC8E}.Release|Any CPU.Deploy.0 = Release|x86
		{7EFC053F-7590-4D9B-B833-ECF3C549AC8E}.Release|ARM.ActiveCfg = Release|ARM
		{7EFC053F-7590-4D9B-B833-ECF3C549AC8E}.Release|ARM.Build.0 = Release|ARM
		{7EFC053F-7590-4D9B-B833-ECF3C549AC8E}.Release|ARM.Deploy.0 = Release|ARM
		{7EFC053F-7590-4D9B-B833-ECF3C549AC8E}.Release|iPhone.ActiveCfg = Release|x86
		{7EFC053F-7590-4D9B-B833-ECF3C549AC8E}.Release|iPhone.Build.0 = Release|x86
		{7EFC053F-7590-4D9B-B833-ECF3C549AC8E}.Release|iPhone.Deploy.0 = Release|x86
		{7EFC053F-7590-4D9B-B833-ECF3C549AC8E}.Release|iPhoneSimulator.ActiveCfg = Release|x86
		{7EFC053F-7590-4D9B-B833-ECF3C549AC8E}.Release|iPhoneSimulator.Build.0 = Release|x86
		{7EFC053F-7590-4D9B-B833-ECF3C549AC8E}.Release|iPhoneSimulator.Deploy.0 = Release|x86
		{7EFC053F-7590-4D9B-B833-ECF3C549AC8E}.Release|x64.ActiveCfg = Release|x64
		{7EFC053F-7590-4D9B-B833-ECF3C549AC8E}.Release|x64.Build.0 = Release|x64
		{7EFC053F-7590-4D9B-B833-ECF3C549AC8E}.Release|x64.Deploy.0 = Release|x64
		{7EFC053F-7590-4D9B-B833-ECF3C549AC8E}.Release|x86.ActiveCfg = Release|x86
		{7EFC053F-7590-4D9B-B833-ECF3C549AC8E}.Release|x86.Build.0 = Release|x86
		{7EFC053F-7590-4D9B-B833-ECF3C549AC8E}.Release|x86.Deploy.0 = Release|x86
		{46F54799-0328-46B7-8D59-35D5DFA52D42}.Debug|Any CPU.ActiveCfg = Debug|Any CPU
		{46F54799-0328-46B7-8D59-35D5DFA52D42}.Debug|Any CPU.Build.0 = Debug|Any CPU
		{46F54799-0328-46B7-8D59-35D5DFA52D42}.Debug|Any CPU.Deploy.0 = Debug|Any CPU
		{46F54799-0328-46B7-8D59-35D5DFA52D42}.Debug|ARM.ActiveCfg = Debug|Any CPU
		{46F54799-0328-46B7-8D59-35D5DFA52D42}.Debug|ARM.Build.0 = Debug|Any CPU
		{46F54799-0328-46B7-8D59-35D5DFA52D42}.Debug|ARM.Deploy.0 = Debug|Any CPU
		{46F54799-0328-46B7-8D59-35D5DFA52D42}.Debug|iPhone.ActiveCfg = Debug|Any CPU
		{46F54799-0328-46B7-8D59-35D5DFA52D42}.Debug|iPhone.Build.0 = Debug|Any CPU
		{46F54799-0328-46B7-8D59-35D5DFA52D42}.Debug|iPhone.Deploy.0 = Debug|Any CPU
		{46F54799-0328-46B7-8D59-35D5DFA52D42}.Debug|iPhoneSimulator.ActiveCfg = Debug|Any CPU
		{46F54799-0328-46B7-8D59-35D5DFA52D42}.Debug|iPhoneSimulator.Build.0 = Debug|Any CPU
		{46F54799-0328-46B7-8D59-35D5DFA52D42}.Debug|iPhoneSimulator.Deploy.0 = Debug|Any CPU
		{46F54799-0328-46B7-8D59-35D5DFA52D42}.Debug|x64.ActiveCfg = Debug|Any CPU
		{46F54799-0328-46B7-8D59-35D5DFA52D42}.Debug|x64.Build.0 = Debug|Any CPU
		{46F54799-0328-46B7-8D59-35D5DFA52D42}.Debug|x64.Deploy.0 = Debug|Any CPU
		{46F54799-0328-46B7-8D59-35D5DFA52D42}.Debug|x86.ActiveCfg = Debug|Any CPU
		{46F54799-0328-46B7-8D59-35D5DFA52D42}.Debug|x86.Build.0 = Debug|Any CPU
		{46F54799-0328-46B7-8D59-35D5DFA52D42}.Debug|x86.Deploy.0 = Debug|Any CPU
		{46F54799-0328-46B7-8D59-35D5DFA52D42}.Release|Any CPU.ActiveCfg = Release|Any CPU
		{46F54799-0328-46B7-8D59-35D5DFA52D42}.Release|Any CPU.Build.0 = Release|Any CPU
		{46F54799-0328-46B7-8D59-35D5DFA52D42}.Release|Any CPU.Deploy.0 = Release|Any CPU
		{46F54799-0328-46B7-8D59-35D5DFA52D42}.Release|ARM.ActiveCfg = Release|Any CPU
		{46F54799-0328-46B7-8D59-35D5DFA52D42}.Release|ARM.Build.0 = Release|Any CPU
		{46F54799-0328-46B7-8D59-35D5DFA52D42}.Release|ARM.Deploy.0 = Release|Any CPU
		{46F54799-0328-46B7-8D59-35D5DFA52D42}.Release|iPhone.ActiveCfg = Release|Any CPU
		{46F54799-0328-46B7-8D59-35D5DFA52D42}.Release|iPhone.Build.0 = Release|Any CPU
		{46F54799-0328-46B7-8D59-35D5DFA52D42}.Release|iPhone.Deploy.0 = Release|Any CPU
		{46F54799-0328-46B7-8D59-35D5DFA52D42}.Release|iPhoneSimulator.ActiveCfg = Release|Any CPU
		{46F54799-0328-46B7-8D59-35D5DFA52D42}.Release|iPhoneSimulator.Build.0 = Release|Any CPU
		{46F54799-0328-46B7-8D59-35D5DFA52D42}.Release|iPhoneSimulator.Deploy.0 = Release|Any CPU
		{46F54799-0328-46B7-8D59-35D5DFA52D42}.Release|x64.ActiveCfg = Release|Any CPU
		{46F54799-0328-46B7-8D59-35D5DFA52D42}.Release|x64.Build.0 = Release|Any CPU
		{46F54799-0328-46B7-8D59-35D5DFA52D42}.Release|x64.Deploy.0 = Release|Any CPU
		{46F54799-0328-46B7-8D59-35D5DFA52D42}.Release|x86.ActiveCfg = Release|Any CPU
		{46F54799-0328-46B7-8D59-35D5DFA52D42}.Release|x86.Build.0 = Release|Any CPU
		{46F54799-0328-46B7-8D59-35D5DFA52D42}.Release|x86.Deploy.0 = Release|Any CPU
		{1E6313B0-6360-47A9-B412-08A0B8D82AE6}.Debug|Any CPU.ActiveCfg = Debug|iPhone
		{1E6313B0-6360-47A9-B412-08A0B8D82AE6}.Debug|Any CPU.Build.0 = Debug|iPhone
		{1E6313B0-6360-47A9-B412-08A0B8D82AE6}.Debug|Any CPU.Deploy.0 = Debug|iPhone
		{1E6313B0-6360-47A9-B412-08A0B8D82AE6}.Debug|ARM.ActiveCfg = Debug|iPhone
		{1E6313B0-6360-47A9-B412-08A0B8D82AE6}.Debug|ARM.Build.0 = Debug|iPhone
		{1E6313B0-6360-47A9-B412-08A0B8D82AE6}.Debug|ARM.Deploy.0 = Debug|iPhone
		{1E6313B0-6360-47A9-B412-08A0B8D82AE6}.Debug|iPhone.ActiveCfg = Debug|iPhone
		{1E6313B0-6360-47A9-B412-08A0B8D82AE6}.Debug|iPhone.Build.0 = Debug|iPhone
		{1E6313B0-6360-47A9-B412-08A0B8D82AE6}.Debug|iPhone.Deploy.0 = Debug|iPhone
		{1E6313B0-6360-47A9-B412-08A0B8D82AE6}.Debug|iPhoneSimulator.ActiveCfg = Debug|iPhoneSimulator
		{1E6313B0-6360-47A9-B412-08A0B8D82AE6}.Debug|iPhoneSimulator.Build.0 = Debug|iPhoneSimulator
		{1E6313B0-6360-47A9-B412-08A0B8D82AE6}.Debug|iPhoneSimulator.Deploy.0 = Debug|iPhoneSimulator
		{1E6313B0-6360-47A9-B412-08A0B8D82AE6}.Debug|x64.ActiveCfg = Debug|iPhone
		{1E6313B0-6360-47A9-B412-08A0B8D82AE6}.Debug|x64.Build.0 = Debug|iPhone
		{1E6313B0-6360-47A9-B412-08A0B8D82AE6}.Debug|x64.Deploy.0 = Debug|iPhone
		{1E6313B0-6360-47A9-B412-08A0B8D82AE6}.Debug|x86.ActiveCfg = Debug|iPhone
		{1E6313B0-6360-47A9-B412-08A0B8D82AE6}.Debug|x86.Build.0 = Debug|iPhone
		{1E6313B0-6360-47A9-B412-08A0B8D82AE6}.Debug|x86.Deploy.0 = Debug|iPhone
		{1E6313B0-6360-47A9-B412-08A0B8D82AE6}.Release|Any CPU.ActiveCfg = Release|iPhone
		{1E6313B0-6360-47A9-B412-08A0B8D82AE6}.Release|Any CPU.Build.0 = Release|iPhone
		{1E6313B0-6360-47A9-B412-08A0B8D82AE6}.Release|Any CPU.Deploy.0 = Release|iPhone
		{1E6313B0-6360-47A9-B412-08A0B8D82AE6}.Release|ARM.ActiveCfg = Release|iPhone
		{1E6313B0-6360-47A9-B412-08A0B8D82AE6}.Release|ARM.Build.0 = Release|iPhone
		{1E6313B0-6360-47A9-B412-08A0B8D82AE6}.Release|ARM.Deploy.0 = Release|iPhone
		{1E6313B0-6360-47A9-B412-08A0B8D82AE6}.Release|iPhone.ActiveCfg = Release|iPhone
		{1E6313B0-6360-47A9-B412-08A0B8D82AE6}.Release|iPhone.Build.0 = Release|iPhone
		{1E6313B0-6360-47A9-B412-08A0B8D82AE6}.Release|iPhone.Deploy.0 = Release|iPhone
		{1E6313B0-6360-47A9-B412-08A0B8D82AE6}.Release|iPhoneSimulator.ActiveCfg = Release|iPhoneSimulator
		{1E6313B0-6360-47A9-B412-08A0B8D82AE6}.Release|iPhoneSimulator.Build.0 = Release|iPhoneSimulator
		{1E6313B0-6360-47A9-B412-08A0B8D82AE6}.Release|iPhoneSimulator.Deploy.0 = Release|iPhoneSimulator
		{1E6313B0-6360-47A9-B412-08A0B8D82AE6}.Release|x64.ActiveCfg = Release|iPhone
		{1E6313B0-6360-47A9-B412-08A0B8D82AE6}.Release|x64.Build.0 = Release|iPhone
		{1E6313B0-6360-47A9-B412-08A0B8D82AE6}.Release|x64.Deploy.0 = Release|iPhone
		{1E6313B0-6360-47A9-B412-08A0B8D82AE6}.Release|x86.ActiveCfg = Release|iPhone
		{1E6313B0-6360-47A9-B412-08A0B8D82AE6}.Release|x86.Build.0 = Release|iPhone
		{1E6313B0-6360-47A9-B412-08A0B8D82AE6}.Release|x86.Deploy.0 = Release|iPhone
		{6A8B9E24-BF56-4E43-A5E6-89D7FD2DF0BB}.Debug|Any CPU.ActiveCfg = Debug|Any CPU
		{6A8B9E24-BF56-4E43-A5E6-89D7FD2DF0BB}.Debug|Any CPU.Build.0 = Debug|Any CPU
		{6A8B9E24-BF56-4E43-A5E6-89D7FD2DF0BB}.Debug|Any CPU.Deploy.0 = Debug|Any CPU
		{6A8B9E24-BF56-4E43-A5E6-89D7FD2DF0BB}.Debug|ARM.ActiveCfg = Debug|Any CPU
		{6A8B9E24-BF56-4E43-A5E6-89D7FD2DF0BB}.Debug|ARM.Build.0 = Debug|Any CPU
		{6A8B9E24-BF56-4E43-A5E6-89D7FD2DF0BB}.Debug|ARM.Deploy.0 = Debug|Any CPU
		{6A8B9E24-BF56-4E43-A5E6-89D7FD2DF0BB}.Debug|iPhone.ActiveCfg = Debug|Any CPU
		{6A8B9E24-BF56-4E43-A5E6-89D7FD2DF0BB}.Debug|iPhone.Build.0 = Debug|Any CPU
		{6A8B9E24-BF56-4E43-A5E6-89D7FD2DF0BB}.Debug|iPhone.Deploy.0 = Debug|Any CPU
		{6A8B9E24-BF56-4E43-A5E6-89D7FD2DF0BB}.Debug|iPhoneSimulator.ActiveCfg = Debug|Any CPU
		{6A8B9E24-BF56-4E43-A5E6-89D7FD2DF0BB}.Debug|iPhoneSimulator.Build.0 = Debug|Any CPU
		{6A8B9E24-BF56-4E43-A5E6-89D7FD2DF0BB}.Debug|iPhoneSimulator.Deploy.0 = Debug|Any CPU
		{6A8B9E24-BF56-4E43-A5E6-89D7FD2DF0BB}.Debug|x64.ActiveCfg = Debug|Any CPU
		{6A8B9E24-BF56-4E43-A5E6-89D7FD2DF0BB}.Debug|x64.Build.0 = Debug|Any CPU
		{6A8B9E24-BF56-4E43-A5E6-89D7FD2DF0BB}.Debug|x64.Deploy.0 = Debug|Any CPU
		{6A8B9E24-BF56-4E43-A5E6-89D7FD2DF0BB}.Debug|x86.ActiveCfg = Debug|Any CPU
		{6A8B9E24-BF56-4E43-A5E6-89D7FD2DF0BB}.Debug|x86.Build.0 = Debug|Any CPU
		{6A8B9E24-BF56-4E43-A5E6-89D7FD2DF0BB}.Debug|x86.Deploy.0 = Debug|Any CPU
		{6A8B9E24-BF56-4E43-A5E6-89D7FD2DF0BB}.Release|Any CPU.ActiveCfg = Release|Any CPU
		{6A8B9E24-BF56-4E43-A5E6-89D7FD2DF0BB}.Release|Any CPU.Build.0 = Release|Any CPU
		{6A8B9E24-BF56-4E43-A5E6-89D7FD2DF0BB}.Release|Any CPU.Deploy.0 = Release|Any CPU
		{6A8B9E24-BF56-4E43-A5E6-89D7FD2DF0BB}.Release|ARM.ActiveCfg = Release|Any CPU
		{6A8B9E24-BF56-4E43-A5E6-89D7FD2DF0BB}.Release|ARM.Build.0 = Release|Any CPU
		{6A8B9E24-BF56-4E43-A5E6-89D7FD2DF0BB}.Release|ARM.Deploy.0 = Release|Any CPU
		{6A8B9E24-BF56-4E43-A5E6-89D7FD2DF0BB}.Release|iPhone.ActiveCfg = Release|Any CPU
		{6A8B9E24-BF56-4E43-A5E6-89D7FD2DF0BB}.Release|iPhone.Build.0 = Release|Any CPU
		{6A8B9E24-BF56-4E43-A5E6-89D7FD2DF0BB}.Release|iPhone.Deploy.0 = Release|Any CPU
		{6A8B9E24-BF56-4E43-A5E6-89D7FD2DF0BB}.Release|iPhoneSimulator.ActiveCfg = Release|Any CPU
		{6A8B9E24-BF56-4E43-A5E6-89D7FD2DF0BB}.Release|iPhoneSimulator.Build.0 = Release|Any CPU
		{6A8B9E24-BF56-4E43-A5E6-89D7FD2DF0BB}.Release|iPhoneSimulator.Deploy.0 = Release|Any CPU
		{6A8B9E24-BF56-4E43-A5E6-89D7FD2DF0BB}.Release|x64.ActiveCfg = Release|Any CPU
		{6A8B9E24-BF56-4E43-A5E6-89D7FD2DF0BB}.Release|x64.Build.0 = Release|Any CPU
		{6A8B9E24-BF56-4E43-A5E6-89D7FD2DF0BB}.Release|x64.Deploy.0 = Release|Any CPU
		{6A8B9E24-BF56-4E43-A5E6-89D7FD2DF0BB}.Release|x86.ActiveCfg = Release|Any CPU
		{6A8B9E24-BF56-4E43-A5E6-89D7FD2DF0BB}.Release|x86.Build.0 = Release|Any CPU
		{6A8B9E24-BF56-4E43-A5E6-89D7FD2DF0BB}.Release|x86.Deploy.0 = Release|Any CPU
	EndGlobalSection
	GlobalSection(SolutionProperties) = preSolution
		HideSolutionNode = FALSE
	EndGlobalSection
	GlobalSection(ExtensibilityGlobals) = postSolution
		SolutionGuid = {8860EE06-2AB4-49C0-B9A7-0A78F93AD631}
	EndGlobalSection
EndGlobal
